// !$*UTF8*$!
{
	archiveVersion = 1;
	classes = {
	};
	objectVersion = 46;
	objects = {

/* Begin PBXBuildFile section */
		89F8CD8C1C78FE6C00011DD6 /* AppDelegate.swift in Sources */ = {isa = PBXBuildFile; fileRef = 89F8CD8B1C78FE6C00011DD6 /* AppDelegate.swift */; };
		89F8CD8E1C78FE6C00011DD6 /* ViewController.swift in Sources */ = {isa = PBXBuildFile; fileRef = 89F8CD8D1C78FE6C00011DD6 /* ViewController.swift */; };
		89F8CD911C78FE6C00011DD6 /* Main.storyboard in Resources */ = {isa = PBXBuildFile; fileRef = 89F8CD8F1C78FE6C00011DD6 /* Main.storyboard */; };
		89F8CD931C78FE6C00011DD6 /* Assets.xcassets in Resources */ = {isa = PBXBuildFile; fileRef = 89F8CD921C78FE6C00011DD6 /* Assets.xcassets */; };
		89F8CD961C78FE6C00011DD6 /* LaunchScreen.storyboard in Resources */ = {isa = PBXBuildFile; fileRef = 89F8CD941C78FE6C00011DD6 /* LaunchScreen.storyboard */; };
		89F8CDA11C78FE6C00011DD6 /* BalckJackTests.swift in Sources */ = {isa = PBXBuildFile; fileRef = 89F8CDA01C78FE6C00011DD6 /* BalckJackTests.swift */; };
		89F8CDAC1C78FE6C00011DD6 /* BalckJackUITests.swift in Sources */ = {isa = PBXBuildFile; fileRef = 89F8CDAB1C78FE6C00011DD6 /* BalckJackUITests.swift */; };
/* End PBXBuildFile section */

/* Begin PBXContainerItemProxy section */
		89F8CD9D1C78FE6C00011DD6 /* PBXContainerItemProxy */ = {
			isa = PBXContainerItemProxy;
			containerPortal = 89F8CD801C78FE6C00011DD6 /* Project object */;
			proxyType = 1;
			remoteGlobalIDString = 89F8CD871C78FE6C00011DD6;
			remoteInfo = BalckJack;
		};
		89F8CDA81C78FE6C00011DD6 /* PBXContainerItemProxy */ = {
			isa = PBXContainerItemProxy;
			containerPortal = 89F8CD801C78FE6C00011DD6 /* Project object */;
			proxyType = 1;
			remoteGlobalIDString = 89F8CD871C78FE6C00011DD6;
			remoteInfo = BalckJack;
		};
/* End PBXContainerItemProxy section */

/* Begin PBXFileReference section */
		89F8CD881C78FE6C00011DD6 /* BalckJack.app */ = {isa = PBXFileReference; explicitFileType = wrapper.application; includeInIndex = 0; path = BalckJack.app; sourceTree = BUILT_PRODUCTS_DIR; };
		89F8CD8B1C78FE6C00011DD6 /* AppDelegate.swift */ = {isa = PBXFileReference; lastKnownFileType = sourcecode.swift; path = AppDelegate.swift; sourceTree = "<group>"; };
		89F8CD8D1C78FE6C00011DD6 /* ViewController.swift */ = {isa = PBXFileReference; lastKnownFileType = sourcecode.swift; path = ViewController.swift; sourceTree = "<group>"; };
		89F8CD901C78FE6C00011DD6 /* Base */ = {isa = PBXFileReference; lastKnownFileType = file.storyboard; name = Base; path = Base.lproj/Main.storyboard; sourceTree = "<group>"; };
		89F8CD921C78FE6C00011DD6 /* Assets.xcassets */ = {isa = PBXFileReference; lastKnownFileType = folder.assetcatalog; path = Assets.xcassets; sourceTree = "<group>"; };
		89F8CD951C78FE6C00011DD6 /* Base */ = {isa = PBXFileReference; lastKnownFileType = file.storyboard; name = Base; path = Base.lproj/LaunchScreen.storyboard; sourceTree = "<group>"; };
		89F8CD971C78FE6C00011DD6 /* Info.plist */ = {isa = PBXFileReference; lastKnownFileType = text.plist.xml; path = Info.plist; sourceTree = "<group>"; };
		89F8CD9C1C78FE6C00011DD6 /* BalckJackTests.xctest */ = {isa = PBXFileReference; explicitFileType = wrapper.cfbundle; includeInIndex = 0; path = BalckJackTests.xctest; sourceTree = BUILT_PRODUCTS_DIR; };
		89F8CDA01C78FE6C00011DD6 /* BalckJackTests.swift */ = {isa = PBXFileReference; lastKnownFileType = sourcecode.swift; path = BalckJackTests.swift; sourceTree = "<group>"; };
		89F8CDA21C78FE6C00011DD6 /* Info.plist */ = {isa = PBXFileReference; lastKnownFileType = text.plist.xml; path = Info.plist; sourceTree = "<group>"; };
		89F8CDA71C78FE6C00011DD6 /* BalckJackUITests.xctest */ = {isa = PBXFileReference; explicitFileType = wrapper.cfbundle; includeInIndex = 0; path = BalckJackUITests.xctest; sourceTree = BUILT_PRODUCTS_DIR; };
		89F8CDAB1C78FE6C00011DD6 /* BalckJackUITests.swift */ = {isa = PBXFileReference; lastKnownFileType = sourcecode.swift; path = BalckJackUITests.swift; sourceTree = "<group>"; };
		89F8CDAD1C78FE6C00011DD6 /* Info.plist */ = {isa = PBXFileReference; lastKnownFileType = text.plist.xml; path = Info.plist; sourceTree = "<group>"; };
/* End PBXFileReference section */

/* Begin PBXFrameworksBuildPhase section */
		89F8CD851C78FE6C00011DD6 /* Frameworks */ = {
			isa = PBXFrameworksBuildPhase;
			buildActionMask = 2147483647;
			files = (
			);
			runOnlyForDeploymentPostprocessing = 0;
		};
		89F8CD991C78FE6C00011DD6 /* Frameworks */ = {
			isa = PBXFrameworksBuildPhase;
			buildActionMask = 2147483647;
			files = (
			);
			runOnlyForDeploymentPostprocessing = 0;
		};
		89F8CDA41C78FE6C00011DD6 /* Frameworks */ = {
			isa = PBXFrameworksBuildPhase;
			buildActionMask = 2147483647;
			files = (
			);
			runOnlyForDeploymentPostprocessing = 0;
		};
/* End PBXFrameworksBuildPhase section */

/* Begin PBXGroup section */
		89F8CD7F1C78FE6C00011DD6 = {
			isa = PBXGroup;
			children = (
				89F8CD8A1C78FE6C00011DD6 /* BalckJack */,
				89F8CD9F1C78FE6C00011DD6 /* BalckJackTests */,
				89F8CDAA1C78FE6C00011DD6 /* BalckJackUITests */,
				89F8CD891C78FE6C00011DD6 /* Products */,
			);
			sourceTree = "<group>";
		};
		89F8CD891C78FE6C00011DD6 /* Products */ = {
			isa = PBXGroup;
			children = (
				89F8CD881C78FE6C00011DD6 /* BalckJack.app */,
				89F8CD9C1C78FE6C00011DD6 /* BalckJackTests.xctest */,
				89F8CDA71C78FE6C00011DD6 /* BalckJackUITests.xctest */,
			);
			name = Products;
			sourceTree = "<group>";
		};
		89F8CD8A1C78FE6C00011DD6 /* BalckJack */ = {
			isa = PBXGroup;
			children = (
				89F8CD8B1C78FE6C00011DD6 /* AppDelegate.swift */,
				89F8CD8D1C78FE6C00011DD6 /* ViewController.swift */,
				89F8CD8F1C78FE6C00011DD6 /* Main.storyboard */,
				89F8CD921C78FE6C00011DD6 /* Assets.xcassets */,
				89F8CD941C78FE6C00011DD6 /* LaunchScreen.storyboard */,
				89F8CD971C78FE6C00011DD6 /* Info.plist */,
			);
			path = BalckJack;
			sourceTree = "<group>";
		};
		89F8CD9F1C78FE6C00011DD6 /* BalckJackTests */ = {
			isa = PBXGroup;
			children = (
				89F8CDA01C78FE6C00011DD6 /* BalckJackTests.swift */,
				89F8CDA21C78FE6C00011DD6 /* Info.plist */,
			);
			path = BalckJackTests;
			sourceTree = "<group>";
		};
		89F8CDAA1C78FE6C00011DD6 /* BalckJackUITests */ = {
			isa = PBXGroup;
			children = (
				89F8CDAB1C78FE6C00011DD6 /* BalckJackUITests.swift */,
				89F8CDAD1C78FE6C00011DD6 /* Info.plist */,
			);
			path = BalckJackUITests;
			sourceTree = "<group>";
		};
/* End PBXGroup section */

/* Begin PBXNativeTarget section */
		89F8CD871C78FE6C00011DD6 /* BalckJack */ = {
			isa = PBXNativeTarget;
			buildConfigurationList = 89F8CDB01C78FE6C00011DD6 /* Build configuration list for PBXNativeTarget "BalckJack" */;
			buildPhases = (
				89F8CD841C78FE6C00011DD6 /* Sources */,
				89F8CD851C78FE6C00011DD6 /* Frameworks */,
				89F8CD861C78FE6C00011DD6 /* Resources */,
			);
			buildRules = (
			);
			dependencies = (
			);
			name = BalckJack;
			productName = BalckJack;
			productReference = 89F8CD881C78FE6C00011DD6 /* BalckJack.app */;
			productType = "com.apple.product-type.application";
		};
		89F8CD9B1C78FE6C00011DD6 /* BalckJackTests */ = {
			isa = PBXNativeTarget;
			buildConfigurationList = 89F8CDB31C78FE6C00011DD6 /* Build configuration list for PBXNativeTarget "BalckJackTests" */;
			buildPhases = (
				89F8CD981C78FE6C00011DD6 /* Sources */,
				89F8CD991C78FE6C00011DD6 /* Frameworks */,
				89F8CD9A1C78FE6C00011DD6 /* Resources */,
			);
			buildRules = (
			);
			dependencies = (
				89F8CD9E1C78FE6C00011DD6 /* PBXTargetDependency */,
			);
			name = BalckJackTests;
			productName = BalckJackTests;
			productReference = 89F8CD9C1C78FE6C00011DD6 /* BalckJackTests.xctest */;
			productType = "com.apple.product-type.bundle.unit-test";
		};
		89F8CDA61C78FE6C00011DD6 /* BalckJackUITests */ = {
			isa = PBXNativeTarget;
			buildConfigurationList = 89F8CDB61C78FE6C00011DD6 /* Build configuration list for PBXNativeTarget "BalckJackUITests" */;
			buildPhases = (
				89F8CDA31C78FE6C00011DD6 /* Sources */,
				89F8CDA41C78FE6C00011DD6 /* Frameworks */,
				89F8CDA51C78FE6C00011DD6 /* Resources */,
			);
			buildRules = (
			);
			dependencies = (
				89F8CDA91C78FE6C00011DD6 /* PBXTargetDependency */,
			);
			name = BalckJackUITests;
			productName = BalckJackUITests;
			productReference = 89F8CDA71C78FE6C00011DD6 /* BalckJackUITests.xctest */;
			productType = "com.apple.product-type.bundle.ui-testing";
		};
/* End PBXNativeTarget section */

/* Begin PBXProject section */
		89F8CD801C78FE6C00011DD6 /* Project object */ = {
			isa = PBXProject;
			attributes = {
				LastSwiftUpdateCheck = 0720;
				LastUpgradeCheck = 0720;
				ORGANIZATIONNAME = lk23286;
				TargetAttributes = {
					89F8CD871C78FE6C00011DD6 = {
						CreatedOnToolsVersion = 7.2.1;
						DevelopmentTeam = 4LR58F43S2;
					};
					89F8CD9B1C78FE6C00011DD6 = {
						CreatedOnToolsVersion = 7.2.1;
						DevelopmentTeam = 4LR58F43S2;
						TestTargetID = 89F8CD871C78FE6C00011DD6;
					};
					89F8CDA61C78FE6C00011DD6 = {
						CreatedOnToolsVersion = 7.2.1;
						DevelopmentTeam = 4LR58F43S2;
						TestTargetID = 89F8CD871C78FE6C00011DD6;
					};
				};
			};
			buildConfigurationList = 89F8CD831C78FE6C00011DD6 /* Build configuration list for PBXProject "BalckJack" */;
			compatibilityVersion = "Xcode 3.2";
			developmentRegion = English;
			hasScannedForEncodings = 0;
			knownRegions = (
				en,
				Base,
			);
			mainGroup = 89F8CD7F1C78FE6C00011DD6;
			productRefGroup = 89F8CD891C78FE6C00011DD6 /* Products */;
			projectDirPath = "";
			projectRoot = "";
			targets = (
				89F8CD871C78FE6C00011DD6 /* BalckJack */,
				89F8CD9B1C78FE6C00011DD6 /* BalckJackTests */,
				89F8CDA61C78FE6C00011DD6 /* BalckJackUITests */,
			);
		};
/* End PBXProject section */

/* Begin PBXResourcesBuildPhase section */
		89F8CD861C78FE6C00011DD6 /* Resources */ = {
			isa = PBXResourcesBuildPhase;
			buildActionMask = 2147483647;
			files = (
				89F8CD961C78FE6C00011DD6 /* LaunchScreen.storyboard in Resources */,
				89F8CD931C78FE6C00011DD6 /* Assets.xcassets in Resources */,
				89F8CD911C78FE6C00011DD6 /* Main.storyboard in Resources */,
			);
			runOnlyForDeploymentPostprocessing = 0;
		};
		89F8CD9A1C78FE6C00011DD6 /* Resources */ = {
			isa = PBXResourcesBuildPhase;
			buildActionMask = 2147483647;
			files = (
			);
			runOnlyForDeploymentPostprocessing = 0;
		};
		89F8CDA51C78FE6C00011DD6 /* Resources */ = {
			isa = PBXResourcesBuildPhase;
			buildActionMask = 2147483647;
			files = (
			);
			runOnlyForDeploymentPostprocessing = 0;
		};
/* End PBXResourcesBuildPhase section */

/* Begin PBXSourcesBuildPhase section */
		89F8CD841C78FE6C00011DD6 /* Sources */ = {
			isa = PBXSourcesBuildPhase;
			buildActionMask = 2147483647;
			files = (
				89F8CD8E1C78FE6C00011DD6 /* ViewController.swift in Sources */,
				89F8CD8C1C78FE6C00011DD6 /* AppDelegate.swift in Sources */,
			);
			runOnlyForDeploymentPostprocessing = 0;
		};
		89F8CD981C78FE6C00011DD6 /* Sources */ = {
			isa = PBXSourcesBuildPhase;
			buildActionMask = 2147483647;
			files = (
				89F8CDA11C78FE6C00011DD6 /* BalckJackTests.swift in Sources */,
			);
			runOnlyForDeploymentPostprocessing = 0;
		};
		89F8CDA31C78FE6C00011DD6 /* Sources */ = {
			isa = PBXSourcesBuildPhase;
			buildActionMask = 2147483647;
			files = (
				89F8CDAC1C78FE6C00011DD6 /* BalckJackUITests.swift in Sources */,
			);
			runOnlyForDeploymentPostprocessing = 0;
		};
/* End PBXSourcesBuildPhase section */

/* Begin PBXTargetDependency section */
		89F8CD9E1C78FE6C00011DD6 /* PBXTargetDependency */ = {
			isa = PBXTargetDependency;
			target = 89F8CD871C78FE6C00011DD6 /* BalckJack */;
			targetProxy = 89F8CD9D1C78FE6C00011DD6 /* PBXContainerItemProxy */;
		};
		89F8CDA91C78FE6C00011DD6 /* PBXTargetDependency */ = {
			isa = PBXTargetDependency;
			target = 89F8CD871C78FE6C00011DD6 /* BalckJack */;
			targetProxy = 89F8CDA81C78FE6C00011DD6 /* PBXContainerItemProxy */;
		};
/* End PBXTargetDependency section */

/* Begin PBXVariantGroup section */
		89F8CD8F1C78FE6C00011DD6 /* Main.storyboard */ = {
			isa = PBXVariantGroup;
			children = (
				89F8CD901C78FE6C00011DD6 /* Base */,
			);
			name = Main.storyboard;
			sourceTree = "<group>";
		};
		89F8CD941C78FE6C00011DD6 /* LaunchScreen.storyboard */ = {
			isa = PBXVariantGroup;
			children = (
				89F8CD951C78FE6C00011DD6 /* Base */,
			);
			name = LaunchScreen.storyboard;
			sourceTree = "<group>";
		};
/* End PBXVariantGroup section */

/* Begin XCBuildConfiguration section */
		89F8CDAE1C78FE6C00011DD6 /* Debug */ = {
			isa = XCBuildConfiguration;
			buildSettings = {
				ALWAYS_SEARCH_USER_PATHS = NO;
				CLANG_CXX_LANGUAGE_STANDARD = "gnu++0x";
				CLANG_CXX_LIBRARY = "libc++";
				CLANG_ENABLE_MODULES = YES;
				CLANG_ENABLE_OBJC_ARC = YES;
				CLANG_WARN_BOOL_CONVERSION = YES;
				CLANG_WARN_CONSTANT_CONVERSION = YES;
				CLANG_WARN_DIRECT_OBJC_ISA_USAGE = YES_ERROR;
				CLANG_WARN_EMPTY_BODY = YES;
				CLANG_WARN_ENUM_CONVERSION = YES;
				CLANG_WARN_INT_CONVERSION = YES;
				CLANG_WARN_OBJC_ROOT_CLASS = YES_ERROR;
				CLANG_WARN_UNREACHABLE_CODE = YES;
				CLANG_WARN__DUPLICATE_METHOD_MATCH = YES;
				"CODE_SIGN_IDENTITY[sdk=iphoneos*]" = "iPhone Developer";
				COPY_PHASE_STRIP = NO;
				DEBUG_INFORMATION_FORMAT = dwarf;
				ENABLE_STRICT_OBJC_MSGSEND = YES;
				ENABLE_TESTABILITY = YES;
				GCC_C_LANGUAGE_STANDARD = gnu99;
				GCC_DYNAMIC_NO_PIC = NO;
				GCC_NO_COMMON_BLOCKS = YES;
				GCC_OPTIMIZATION_LEVEL = 0;
				GCC_PREPROCESSOR_DEFINITIONS = (
					"DEBUG=1",
					"$(inherited)",
				);
				GCC_WARN_64_TO_32_BIT_CONVERSION = YES;
				GCC_WARN_ABOUT_RETURN_TYPE = YES_ERROR;
				GCC_WARN_UNDECLARED_SELECTOR = YES;
				GCC_WARN_UNINITIALIZED_AUTOS = YES_AGGRESSIVE;
				GCC_WARN_UNUSED_FUNCTION = YES;
				GCC_WARN_UNUSED_VARIABLE = YES;
				IPHONEOS_DEPLOYMENT_TARGET = 9.2;
				MTL_ENABLE_DEBUG_INFO = YES;
				ONLY_ACTIVE_ARCH = YES;
				SDKROOT = iphoneos;
				SWIFT_OPTIMIZATION_LEVEL = "-Onone";
			};
			name = Debug;
		};
		89F8CDAF1C78FE6C00011DD6 /* Release */ = {
			isa = XCBuildConfiguration;
			buildSettings = {
				ALWAYS_SEARCH_USER_PATHS = NO;
				CLANG_CXX_LANGUAGE_STANDARD = "gnu++0x";
				CLANG_CXX_LIBRARY = "libc++";
				CLANG_ENABLE_MODULES = YES;
				CLANG_ENABLE_OBJC_ARC = YES;
				CLANG_WARN_BOOL_CONVERSION = YES;
				CLANG_WARN_CONSTANT_CONVERSION = YES;
				CLANG_WARN_DIRECT_OBJC_ISA_USAGE = YES_ERROR;
				CLANG_WARN_EMPTY_BODY = YES;
				CLANG_WARN_ENUM_CONVERSION = YES;
				CLANG_WARN_INT_CONVERSION = YES;
				CLANG_WARN_OBJC_ROOT_CLASS = YES_ERROR;
				CLANG_WARN_UNREACHABLE_CODE = YES;
				CLANG_WARN__DUPLICATE_METHOD_MATCH = YES;
				"CODE_SIGN_IDENTITY[sdk=iphoneos*]" = "iPhone Developer";
				COPY_PHASE_STRIP = NO;
				DEBUG_INFORMATION_FORMAT = "dwarf-with-dsym";
				ENABLE_NS_ASSERTIONS = NO;
				ENABLE_STRICT_OBJC_MSGSEND = YES;
				GCC_C_LANGUAGE_STANDARD = gnu99;
				GCC_NO_COMMON_BLOCKS = YES;
				GCC_WARN_64_TO_32_BIT_CONVERSION = YES;
				GCC_WARN_ABOUT_RETURN_TYPE = YES_ERROR;
				GCC_WARN_UNDECLARED_SELECTOR = YES;
				GCC_WARN_UNINITIALIZED_AUTOS = YES_AGGRESSIVE;
				GCC_WARN_UNUSED_FUNCTION = YES;
				GCC_WARN_UNUSED_VARIABLE = YES;
				IPHONEOS_DEPLOYMENT_TARGET = 9.2;
				MTL_ENABLE_DEBUG_INFO = NO;
				SDKROOT = iphoneos;
				VALIDATE_PRODUCT = YES;
			};
			name = Release;
		};
		89F8CDB11C78FE6C00011DD6 /* Debug */ = {
			isa = XCBuildConfiguration;
			buildSettings = {
				ASSETCATALOG_COMPILER_APPICON_NAME = AppIcon;
				INFOPLIST_FILE = BalckJack/Info.plist;
				LD_RUNPATH_SEARCH_PATHS = "$(inherited) @executable_path/Frameworks";
				PRODUCT_BUNDLE_IDENTIFIER = LGL.BalckJack;
				PRODUCT_NAME = "$(TARGET_NAME)";
			};
			name = Debug;
		};
		89F8CDB21C78FE6C00011DD6 /* Release */ = {
			isa = XCBuildConfiguration;
			buildSettings = {
				ASSETCATALOG_COMPILER_APPICON_NAME = AppIcon;
				INFOPLIST_FILE = BalckJack/Info.plist;
				LD_RUNPATH_SEARCH_PATHS = "$(inherited) @executable_path/Frameworks";
				PRODUCT_BUNDLE_IDENTIFIER = LGL.BalckJack;
				PRODUCT_NAME = "$(TARGET_NAME)";
			};
			name = Release;
		};
		89F8CDB41C78FE6C00011DD6 /* Debug */ = {
			isa = XCBuildConfiguration;
			buildSettings = {
				BUNDLE_LOADER = "$(TEST_HOST)";
				INFOPLIST_FILE = BalckJackTests/Info.plist;
				LD_RUNPATH_SEARCH_PATHS = "$(inherited) @executable_path/Frameworks @loader_path/Frameworks";
				PRODUCT_BUNDLE_IDENTIFIER = LGL.BalckJackTests;
				PRODUCT_NAME = "$(TARGET_NAME)";
				TEST_HOST = "$(BUILT_PRODUCTS_DIR)/BalckJack.app/BalckJack";
			};
			name = Debug;
		};
		89F8CDB51C78FE6C00011DD6 /* Release */ = {
			isa = XCBuildConfiguration;
			buildSettings = {
				BUNDLE_LOADER = "$(TEST_HOST)";
				INFOPLIST_FILE = BalckJackTests/Info.plist;
				LD_RUNPATH_SEARCH_PATHS = "$(inherited) @executable_path/Frameworks @loader_path/Frameworks";
				PRODUCT_BUNDLE_IDENTIFIER = LGL.BalckJackTests;
				PRODUCT_NAME = "$(TARGET_NAME)";
				TEST_HOST = "$(BUILT_PRODUCTS_DIR)/BalckJack.app/BalckJack";
			};
			name = Release;
		};
		89F8CDB71C78FE6C00011DD6 /* Debug */ = {
			isa = XCBuildConfiguration;
			buildSettings = {
				INFOPLIST_FILE = BalckJackUITests/Info.plist;
				LD_RUNPATH_SEARCH_PATHS = "$(inherited) @executable_path/Frameworks @loader_path/Frameworks";
				PRODUCT_BUNDLE_IDENTIFIER = LGL.BalckJackUITests;
				PRODUCT_NAME = "$(TARGET_NAME)";
				TEST_TARGET_NAME = BalckJack;
				USES_XCTRUNNER = YES;
			};
			name = Debug;
		};
		89F8CDB81C78FE6C00011DD6 /* Release */ = {
			isa = XCBuildConfiguration;
			buildSettings = {
				INFOPLIST_FILE = BalckJackUITests/Info.plist;
				LD_RUNPATH_SEARCH_PATHS = "$(inherited) @executable_path/Frameworks @loader_path/Frameworks";
				PRODUCT_BUNDLE_IDENTIFIER = LGL.BalckJackUITests;
				PRODUCT_NAME = "$(TARGET_NAME)";
				TEST_TARGET_NAME = BalckJack;
				USES_XCTRUNNER = YES;
			};
			name = Release;
		};
/* End XCBuildConfiguration section */

/* Begin XCConfigurationList section */
		89F8CD831C78FE6C00011DD6 /* Build configuration list for PBXProject "BalckJack" */ = {
			isa = XCConfigurationList;
			buildConfigurations = (
				89F8CDAE1C78FE6C00011DD6 /* Debug */,
				89F8CDAF1C78FE6C00011DD6 /* Release */,
			);
			defaultConfigurationIsVisible = 0;
			defaultConfigurationName = Release;
		};
		89F8CDB01C78FE6C00011DD6 /* Build configuration list for PBXNativeTarget "BalckJack" */ = {
			isa = XCConfigurationList;
			buildConfigurations = (
				89F8CDB11C78FE6C00011DD6 /* Debug */,
				89F8CDB21C78FE6C00011DD6 /* Release */,
			);
			defaultConfigurationIsVisible = 0;
		};
		89F8CDB31C78FE6C00011DD6 /* Build configuration list for PBXNativeTarget "BalckJackTests" */ = {
			isa = XCConfigurationList;
			buildConfigurations = (
				89F8CDB41C78FE6C00011DD6 /* Debug */,
				89F8CDB51C78FE6C00011DD6 /* Release */,
			);
			defaultConfigurationIsVisible = 0;
		};
		89F8CDB61C78FE6C00011DD6 /* Build configuration list for PBXNativeTarget "BalckJackUITests" */ = {
			isa = XCConfigurationList;
			buildConfigurations = (
				89F8CDB71C78FE6C00011DD6 /* Debug */,
				89F8CDB81C78FE6C00011DD6 /* Release */,
			);
			defaultConfigurationIsVisible = 0;
		};
/* End XCConfigurationList section */
	};
	rootObject = 89F8CD801C78FE6C00011DD6 /* Project object */;
}
